// !$*UTF8*$!
{
	archiveVersion = 1;
	classes = {
	};
	objectVersion = 51;
	objects = {

/* Begin PBXBuildFile section */
		3227B76FCF04579F9074B1E5 /* Pods_ArtSpacePrototype_ArtSpacePrototypeUITests.framework in Frameworks */ = {isa = PBXBuildFile; fileRef = 03641DCC62CDDA7A0F01EF07 /* Pods_ArtSpacePrototype_ArtSpacePrototypeUITests.framework */; };
		35CCC019C3B288593294756B /* Pods_ArtSpacePrototypeTests.framework in Frameworks */ = {isa = PBXBuildFile; fileRef = 23B3BCDCF020068E5E11731C /* Pods_ArtSpacePrototypeTests.framework */; };
		4A3180C7095B6206AE20BCAD /* Pods_ArtSpacePrototype.framework in Frameworks */ = {isa = PBXBuildFile; fileRef = 92AF05E5007BE8F15B3F28AB /* Pods_ArtSpacePrototype.framework */; };
		6B887FA823DF59650043FAAC /* DetailVC.swift in Sources */ = {isa = PBXBuildFile; fileRef = 6B887FA723DF59650043FAAC /* DetailVC.swift */; };
		6B887FAA23DF89170043FAAC /* GoogleService-Info.plist in Resources */ = {isa = PBXBuildFile; fileRef = 6B887FA923DF89160043FAAC /* GoogleService-Info.plist */; };
		CB8BBF0C23D75E9F007F8909 /* AppDelegate.swift in Sources */ = {isa = PBXBuildFile; fileRef = CB8BBF0B23D75E9F007F8909 /* AppDelegate.swift */; };
		CB8BBF0E23D75E9F007F8909 /* SceneDelegate.swift in Sources */ = {isa = PBXBuildFile; fileRef = CB8BBF0D23D75E9F007F8909 /* SceneDelegate.swift */; };
		CB8BBF1023D75E9F007F8909 /* ViewController.swift in Sources */ = {isa = PBXBuildFile; fileRef = CB8BBF0F23D75E9F007F8909 /* ViewController.swift */; };
		CB8BBF1323D75E9F007F8909 /* Main.storyboard in Resources */ = {isa = PBXBuildFile; fileRef = CB8BBF1123D75E9F007F8909 /* Main.storyboard */; };
		CB8BBF1623D75E9F007F8909 /* ArtSpacePrototype.xcdatamodeld in Sources */ = {isa = PBXBuildFile; fileRef = CB8BBF1423D75E9F007F8909 /* ArtSpacePrototype.xcdatamodeld */; };
		CB8BBF1823D75E9F007F8909 /* Assets.xcassets in Resources */ = {isa = PBXBuildFile; fileRef = CB8BBF1723D75E9F007F8909 /* Assets.xcassets */; };
		CB8BBF1B23D75E9F007F8909 /* LaunchScreen.storyboard in Resources */ = {isa = PBXBuildFile; fileRef = CB8BBF1923D75E9F007F8909 /* LaunchScreen.storyboard */; };
		CB8BBF2623D75EA0007F8909 /* ArtSpacePrototypeTests.swift in Sources */ = {isa = PBXBuildFile; fileRef = CB8BBF2523D75EA0007F8909 /* ArtSpacePrototypeTests.swift */; };
		CB8BBF3123D75EA0007F8909 /* ArtSpacePrototypeUITests.swift in Sources */ = {isa = PBXBuildFile; fileRef = CB8BBF3023D75EA0007F8909 /* ArtSpacePrototypeUITests.swift */; };
		CB8BBF4223D763C4007F8909 /* AppUser.swift in Sources */ = {isa = PBXBuildFile; fileRef = CB8BBF4123D763C4007F8909 /* AppUser.swift */; };
		CB8BBF4523D763ED007F8909 /* FirebaseAuth.swift in Sources */ = {isa = PBXBuildFile; fileRef = CB8BBF4423D763ED007F8909 /* FirebaseAuth.swift */; };
		CB8BBF4923D7642D007F8909 /* HomePageVC.swift in Sources */ = {isa = PBXBuildFile; fileRef = CB8BBF4823D7642D007F8909 /* HomePageVC.swift */; };
		CB8BBF4C23D7644B007F8909 /* StringEx.swift in Sources */ = {isa = PBXBuildFile; fileRef = CB8BBF4B23D7644B007F8909 /* StringEx.swift */; };
		CBDE63DD23DF76CE00AEC803 /* GoogleService-Info.plist in Resources */ = {isa = PBXBuildFile; fileRef = CBDE63DC23DF76CE00AEC803 /* GoogleService-Info.plist */; };
		CBDE63E023DF7CEC00AEC803 /* ArtCell.swift in Sources */ = {isa = PBXBuildFile; fileRef = CBDE63DF23DF7CEC00AEC803 /* ArtCell.swift */; };
/* End PBXBuildFile section */

/* Begin PBXContainerItemProxy section */
		CB8BBF2223D75E9F007F8909 /* PBXContainerItemProxy */ = {
			isa = PBXContainerItemProxy;
			containerPortal = CB8BBF0023D75E9F007F8909 /* Project object */;
			proxyType = 1;
			remoteGlobalIDString = CB8BBF0723D75E9F007F8909;
			remoteInfo = ArtSpacePrototype;
		};
		CB8BBF2D23D75EA0007F8909 /* PBXContainerItemProxy */ = {
			isa = PBXContainerItemProxy;
			containerPortal = CB8BBF0023D75E9F007F8909 /* Project object */;
			proxyType = 1;
			remoteGlobalIDString = CB8BBF0723D75E9F007F8909;
			remoteInfo = ArtSpacePrototype;
		};
/* End PBXContainerItemProxy section */

/* Begin PBXFileReference section */
		03641DCC62CDDA7A0F01EF07 /* Pods_ArtSpacePrototype_ArtSpacePrototypeUITests.framework */ = {isa = PBXFileReference; explicitFileType = wrapper.framework; includeInIndex = 0; path = Pods_ArtSpacePrototype_ArtSpacePrototypeUITests.framework; sourceTree = BUILT_PRODUCTS_DIR; };
		23B3BCDCF020068E5E11731C /* Pods_ArtSpacePrototypeTests.framework */ = {isa = PBXFileReference; explicitFileType = wrapper.framework; includeInIndex = 0; path = Pods_ArtSpacePrototypeTests.framework; sourceTree = BUILT_PRODUCTS_DIR; };
		39D06799A7F6C78ED1652D0B /* Pods-ArtSpacePrototype.debug.xcconfig */ = {isa = PBXFileReference; includeInIndex = 1; lastKnownFileType = text.xcconfig; name = "Pods-ArtSpacePrototype.debug.xcconfig"; path = "Target Support Files/Pods-ArtSpacePrototype/Pods-ArtSpacePrototype.debug.xcconfig"; sourceTree = "<group>"; };
		580A6DFBFCC953441B8F7E1C /* Pods-ArtSpacePrototype-ArtSpacePrototypeUITests.release.xcconfig */ = {isa = PBXFileReference; includeInIndex = 1; lastKnownFileType = text.xcconfig; name = "Pods-ArtSpacePrototype-ArtSpacePrototypeUITests.release.xcconfig"; path = "Target Support Files/Pods-ArtSpacePrototype-ArtSpacePrototypeUITests/Pods-ArtSpacePrototype-ArtSpacePrototypeUITests.release.xcconfig"; sourceTree = "<group>"; };
		626C919991105E06A4B12EA0 /* Pods-ArtSpacePrototypeTests.release.xcconfig */ = {isa = PBXFileReference; includeInIndex = 1; lastKnownFileType = text.xcconfig; name = "Pods-ArtSpacePrototypeTests.release.xcconfig"; path = "Target Support Files/Pods-ArtSpacePrototypeTests/Pods-ArtSpacePrototypeTests.release.xcconfig"; sourceTree = "<group>"; };
		6B887FA723DF59650043FAAC /* DetailVC.swift */ = {isa = PBXFileReference; lastKnownFileType = sourcecode.swift; path = DetailVC.swift; sourceTree = "<group>"; };
		6B887FA923DF89160043FAAC /* GoogleService-Info.plist */ = {isa = PBXFileReference; fileEncoding = 4; lastKnownFileType = text.plist.xml; path = "GoogleService-Info.plist"; sourceTree = "<group>"; };
		7C2F1226D4546DCEA852A4BE /* Pods-ArtSpacePrototype.release.xcconfig */ = {isa = PBXFileReference; includeInIndex = 1; lastKnownFileType = text.xcconfig; name = "Pods-ArtSpacePrototype.release.xcconfig"; path = "Target Support Files/Pods-ArtSpacePrototype/Pods-ArtSpacePrototype.release.xcconfig"; sourceTree = "<group>"; };
		82EE4DBC14C220ED1E62AA46 /* Pods-ArtSpacePrototype-ArtSpacePrototypeUITests.debug.xcconfig */ = {isa = PBXFileReference; includeInIndex = 1; lastKnownFileType = text.xcconfig; name = "Pods-ArtSpacePrototype-ArtSpacePrototypeUITests.debug.xcconfig"; path = "Target Support Files/Pods-ArtSpacePrototype-ArtSpacePrototypeUITests/Pods-ArtSpacePrototype-ArtSpacePrototypeUITests.debug.xcconfig"; sourceTree = "<group>"; };
		92AF05E5007BE8F15B3F28AB /* Pods_ArtSpacePrototype.framework */ = {isa = PBXFileReference; explicitFileType = wrapper.framework; includeInIndex = 0; path = Pods_ArtSpacePrototype.framework; sourceTree = BUILT_PRODUCTS_DIR; };
		CB8BBF0823D75E9F007F8909 /* ArtSpacePrototype.app */ = {isa = PBXFileReference; explicitFileType = wrapper.application; includeInIndex = 0; path = ArtSpacePrototype.app; sourceTree = BUILT_PRODUCTS_DIR; };
		CB8BBF0B23D75E9F007F8909 /* AppDelegate.swift */ = {isa = PBXFileReference; lastKnownFileType = sourcecode.swift; path = AppDelegate.swift; sourceTree = "<group>"; };
		CB8BBF0D23D75E9F007F8909 /* SceneDelegate.swift */ = {isa = PBXFileReference; lastKnownFileType = sourcecode.swift; path = SceneDelegate.swift; sourceTree = "<group>"; };
		CB8BBF0F23D75E9F007F8909 /* ViewController.swift */ = {isa = PBXFileReference; lastKnownFileType = sourcecode.swift; path = ViewController.swift; sourceTree = "<group>"; };
		CB8BBF1223D75E9F007F8909 /* Base */ = {isa = PBXFileReference; lastKnownFileType = file.storyboard; name = Base; path = Base.lproj/Main.storyboard; sourceTree = "<group>"; };
		CB8BBF1523D75E9F007F8909 /* ArtSpacePrototype.xcdatamodel */ = {isa = PBXFileReference; lastKnownFileType = wrapper.xcdatamodel; path = ArtSpacePrototype.xcdatamodel; sourceTree = "<group>"; };
		CB8BBF1723D75E9F007F8909 /* Assets.xcassets */ = {isa = PBXFileReference; lastKnownFileType = folder.assetcatalog; path = Assets.xcassets; sourceTree = "<group>"; };
		CB8BBF1A23D75E9F007F8909 /* Base */ = {isa = PBXFileReference; lastKnownFileType = file.storyboard; name = Base; path = Base.lproj/LaunchScreen.storyboard; sourceTree = "<group>"; };
		CB8BBF1C23D75E9F007F8909 /* Info.plist */ = {isa = PBXFileReference; lastKnownFileType = text.plist.xml; path = Info.plist; sourceTree = "<group>"; };
		CB8BBF2123D75E9F007F8909 /* ArtSpacePrototypeTests.xctest */ = {isa = PBXFileReference; explicitFileType = wrapper.cfbundle; includeInIndex = 0; path = ArtSpacePrototypeTests.xctest; sourceTree = BUILT_PRODUCTS_DIR; };
		CB8BBF2523D75EA0007F8909 /* ArtSpacePrototypeTests.swift */ = {isa = PBXFileReference; lastKnownFileType = sourcecode.swift; path = ArtSpacePrototypeTests.swift; sourceTree = "<group>"; };
		CB8BBF2723D75EA0007F8909 /* Info.plist */ = {isa = PBXFileReference; lastKnownFileType = text.plist.xml; path = Info.plist; sourceTree = "<group>"; };
		CB8BBF2C23D75EA0007F8909 /* ArtSpacePrototypeUITests.xctest */ = {isa = PBXFileReference; explicitFileType = wrapper.cfbundle; includeInIndex = 0; path = ArtSpacePrototypeUITests.xctest; sourceTree = BUILT_PRODUCTS_DIR; };
		CB8BBF3023D75EA0007F8909 /* ArtSpacePrototypeUITests.swift */ = {isa = PBXFileReference; lastKnownFileType = sourcecode.swift; path = ArtSpacePrototypeUITests.swift; sourceTree = "<group>"; };
		CB8BBF3223D75EA0007F8909 /* Info.plist */ = {isa = PBXFileReference; lastKnownFileType = text.plist.xml; path = Info.plist; sourceTree = "<group>"; };
		CB8BBF4123D763C4007F8909 /* AppUser.swift */ = {isa = PBXFileReference; lastKnownFileType = sourcecode.swift; path = AppUser.swift; sourceTree = "<group>"; };
		CB8BBF4423D763ED007F8909 /* FirebaseAuth.swift */ = {isa = PBXFileReference; lastKnownFileType = sourcecode.swift; path = FirebaseAuth.swift; sourceTree = "<group>"; };
		CB8BBF4823D7642D007F8909 /* HomePageVC.swift */ = {isa = PBXFileReference; lastKnownFileType = sourcecode.swift; path = HomePageVC.swift; sourceTree = "<group>"; };
		CB8BBF4B23D7644B007F8909 /* StringEx.swift */ = {isa = PBXFileReference; lastKnownFileType = sourcecode.swift; path = StringEx.swift; sourceTree = "<group>"; };
		CBDE63DC23DF76CE00AEC803 /* GoogleService-Info.plist */ = {isa = PBXFileReference; fileEncoding = 4; lastKnownFileType = text.plist.xml; path = "GoogleService-Info.plist"; sourceTree = "<group>"; };
		CBDE63DF23DF7CEC00AEC803 /* ArtCell.swift */ = {isa = PBXFileReference; lastKnownFileType = sourcecode.swift; path = ArtCell.swift; sourceTree = "<group>"; };
		EF149131C6678091CF1F9869 /* Pods-ArtSpacePrototypeTests.debug.xcconfig */ = {isa = PBXFileReference; includeInIndex = 1; lastKnownFileType = text.xcconfig; name = "Pods-ArtSpacePrototypeTests.debug.xcconfig"; path = "Target Support Files/Pods-ArtSpacePrototypeTests/Pods-ArtSpacePrototypeTests.debug.xcconfig"; sourceTree = "<group>"; };
/* End PBXFileReference section */

/* Begin PBXFrameworksBuildPhase section */
		CB8BBF0523D75E9F007F8909 /* Frameworks */ = {
			isa = PBXFrameworksBuildPhase;
			buildActionMask = 2147483647;
			files = (
				4A3180C7095B6206AE20BCAD /* Pods_ArtSpacePrototype.framework in Frameworks */,
			);
			runOnlyForDeploymentPostprocessing = 0;
		};
		CB8BBF1E23D75E9F007F8909 /* Frameworks */ = {
			isa = PBXFrameworksBuildPhase;
			buildActionMask = 2147483647;
			files = (
				35CCC019C3B288593294756B /* Pods_ArtSpacePrototypeTests.framework in Frameworks */,
			);
			runOnlyForDeploymentPostprocessing = 0;
		};
		CB8BBF2923D75EA0007F8909 /* Frameworks */ = {
			isa = PBXFrameworksBuildPhase;
			buildActionMask = 2147483647;
			files = (
				3227B76FCF04579F9074B1E5 /* Pods_ArtSpacePrototype_ArtSpacePrototypeUITests.framework in Frameworks */,
			);
			runOnlyForDeploymentPostprocessing = 0;
		};
/* End PBXFrameworksBuildPhase section */

/* Begin PBXGroup section */
		3066763866428518F17A3522 /* Frameworks */ = {
			isa = PBXGroup;
			children = (
				92AF05E5007BE8F15B3F28AB /* Pods_ArtSpacePrototype.framework */,
				03641DCC62CDDA7A0F01EF07 /* Pods_ArtSpacePrototype_ArtSpacePrototypeUITests.framework */,
				23B3BCDCF020068E5E11731C /* Pods_ArtSpacePrototypeTests.framework */,
			);
			name = Frameworks;
			sourceTree = "<group>";
		};
		3BCD8CBE8544AB5F6BC1D781 /* Pods */ = {
			isa = PBXGroup;
			children = (
				39D06799A7F6C78ED1652D0B /* Pods-ArtSpacePrototype.debug.xcconfig */,
				7C2F1226D4546DCEA852A4BE /* Pods-ArtSpacePrototype.release.xcconfig */,
				82EE4DBC14C220ED1E62AA46 /* Pods-ArtSpacePrototype-ArtSpacePrototypeUITests.debug.xcconfig */,
				580A6DFBFCC953441B8F7E1C /* Pods-ArtSpacePrototype-ArtSpacePrototypeUITests.release.xcconfig */,
				EF149131C6678091CF1F9869 /* Pods-ArtSpacePrototypeTests.debug.xcconfig */,
				626C919991105E06A4B12EA0 /* Pods-ArtSpacePrototypeTests.release.xcconfig */,
			);
			path = Pods;
			sourceTree = "<group>";
		};
		CB8BBEFF23D75E9F007F8909 = {
			isa = PBXGroup;
			children = (
				CB8BBF0A23D75E9F007F8909 /* ArtSpacePrototype */,
				CB8BBF2423D75EA0007F8909 /* ArtSpacePrototypeTests */,
				CB8BBF2F23D75EA0007F8909 /* ArtSpacePrototypeUITests */,
				CB8BBF0923D75E9F007F8909 /* Products */,
				3BCD8CBE8544AB5F6BC1D781 /* Pods */,
				3066763866428518F17A3522 /* Frameworks */,
			);
			sourceTree = "<group>";
		};
		CB8BBF0923D75E9F007F8909 /* Products */ = {
			isa = PBXGroup;
			children = (
				CB8BBF0823D75E9F007F8909 /* ArtSpacePrototype.app */,
				CB8BBF2123D75E9F007F8909 /* ArtSpacePrototypeTests.xctest */,
				CB8BBF2C23D75EA0007F8909 /* ArtSpacePrototypeUITests.xctest */,
			);
			name = Products;
			sourceTree = "<group>";
		};
		CB8BBF0A23D75E9F007F8909 /* ArtSpacePrototype */ = {
			isa = PBXGroup;
			children = (
				CBDE63DC23DF76CE00AEC803 /* GoogleService-Info.plist */,
				CB8BBF4A23D76438007F8909 /* Extensions */,
				CB8BBF4623D763F4007F8909 /* VCs */,
				CB8BBF4323D763CD007F8909 /* FirebaseHelpers */,
				CB8BBF4023D763B0007F8909 /* Models */,
				CB8BBF0B23D75E9F007F8909 /* AppDelegate.swift */,
				6B887FA923DF89160043FAAC /* GoogleService-Info.plist */,
				CB8BBF0D23D75E9F007F8909 /* SceneDelegate.swift */,
				CB8BBF0F23D75E9F007F8909 /* ViewController.swift */,
				CB8BBF1123D75E9F007F8909 /* Main.storyboard */,
				CB8BBF1723D75E9F007F8909 /* Assets.xcassets */,
				CB8BBF1923D75E9F007F8909 /* LaunchScreen.storyboard */,
				CB8BBF1C23D75E9F007F8909 /* Info.plist */,
				CB8BBF1423D75E9F007F8909 /* ArtSpacePrototype.xcdatamodeld */,
			);
			path = ArtSpacePrototype;
			sourceTree = "<group>";
		};
		CB8BBF2423D75EA0007F8909 /* ArtSpacePrototypeTests */ = {
			isa = PBXGroup;
			children = (
				CB8BBF2523D75EA0007F8909 /* ArtSpacePrototypeTests.swift */,
				CB8BBF2723D75EA0007F8909 /* Info.plist */,
			);
			path = ArtSpacePrototypeTests;
			sourceTree = "<group>";
		};
		CB8BBF2F23D75EA0007F8909 /* ArtSpacePrototypeUITests */ = {
			isa = PBXGroup;
			children = (
				CB8BBF3023D75EA0007F8909 /* ArtSpacePrototypeUITests.swift */,
				CB8BBF3223D75EA0007F8909 /* Info.plist */,
			);
			path = ArtSpacePrototypeUITests;
			sourceTree = "<group>";
		};
		CB8BBF4023D763B0007F8909 /* Models */ = {
			isa = PBXGroup;
			children = (
				CB8BBF4123D763C4007F8909 /* AppUser.swift */,
			);
			path = Models;
			sourceTree = "<group>";
		};
		CB8BBF4323D763CD007F8909 /* FirebaseHelpers */ = {
			isa = PBXGroup;
			children = (
				CB8BBF4423D763ED007F8909 /* FirebaseAuth.swift */,
			);
			path = FirebaseHelpers;
			sourceTree = "<group>";
		};
		CB8BBF4623D763F4007F8909 /* VCs */ = {
			isa = PBXGroup;
			children = (
				CBDE63DE23DF7CD800AEC803 /* Cells */,
				CB8BBF4823D7642D007F8909 /* HomePageVC.swift */,
				6B887FA723DF59650043FAAC /* DetailVC.swift */,
			);
			path = VCs;
			sourceTree = "<group>";
		};
		CB8BBF4A23D76438007F8909 /* Extensions */ = {
			isa = PBXGroup;
			children = (
				CB8BBF4B23D7644B007F8909 /* StringEx.swift */,
			);
			path = Extensions;
			sourceTree = "<group>";
		};
		CBDE63DE23DF7CD800AEC803 /* Cells */ = {
			isa = PBXGroup;
			children = (
				CBDE63DF23DF7CEC00AEC803 /* ArtCell.swift */,
			);
			path = Cells;
			sourceTree = "<group>";
		};
/* End PBXGroup section */

/* Begin PBXNativeTarget section */
		CB8BBF0723D75E9F007F8909 /* ArtSpacePrototype */ = {
			isa = PBXNativeTarget;
			buildConfigurationList = CB8BBF3523D75EA0007F8909 /* Build configuration list for PBXNativeTarget "ArtSpacePrototype" */;
			buildPhases = (
				DE912495525D1E73EAF09B89 /* [CP] Check Pods Manifest.lock */,
				CB8BBF0423D75E9F007F8909 /* Sources */,
				CB8BBF0523D75E9F007F8909 /* Frameworks */,
				CB8BBF0623D75E9F007F8909 /* Resources */,
				EA29A3D5815684C989D49F3E /* [CP] Embed Pods Frameworks */,
			);
			buildRules = (
			);
			dependencies = (
			);
			name = ArtSpacePrototype;
			productName = ArtSpacePrototype;
			productReference = CB8BBF0823D75E9F007F8909 /* ArtSpacePrototype.app */;
			productType = "com.apple.product-type.application";
		};
		CB8BBF2023D75E9F007F8909 /* ArtSpacePrototypeTests */ = {
			isa = PBXNativeTarget;
			buildConfigurationList = CB8BBF3823D75EA0007F8909 /* Build configuration list for PBXNativeTarget "ArtSpacePrototypeTests" */;
			buildPhases = (
				3F34A56AEB7362FDBBD92AB7 /* [CP] Check Pods Manifest.lock */,
				CB8BBF1D23D75E9F007F8909 /* Sources */,
				CB8BBF1E23D75E9F007F8909 /* Frameworks */,
				CB8BBF1F23D75E9F007F8909 /* Resources */,
			);
			buildRules = (
			);
			dependencies = (
				CB8BBF2323D75E9F007F8909 /* PBXTargetDependency */,
			);
			name = ArtSpacePrototypeTests;
			productName = ArtSpacePrototypeTests;
			productReference = CB8BBF2123D75E9F007F8909 /* ArtSpacePrototypeTests.xctest */;
			productType = "com.apple.product-type.bundle.unit-test";
		};
		CB8BBF2B23D75EA0007F8909 /* ArtSpacePrototypeUITests */ = {
			isa = PBXNativeTarget;
			buildConfigurationList = CB8BBF3B23D75EA0007F8909 /* Build configuration list for PBXNativeTarget "ArtSpacePrototypeUITests" */;
			buildPhases = (
				2B16BDF51F2913C984C79572 /* [CP] Check Pods Manifest.lock */,
				CB8BBF2823D75EA0007F8909 /* Sources */,
				CB8BBF2923D75EA0007F8909 /* Frameworks */,
				CB8BBF2A23D75EA0007F8909 /* Resources */,
				D6F9BED9FF5C84CF1B8DB93A /* [CP] Embed Pods Frameworks */,
			);
			buildRules = (
			);
			dependencies = (
				CB8BBF2E23D75EA0007F8909 /* PBXTargetDependency */,
			);
			name = ArtSpacePrototypeUITests;
			productName = ArtSpacePrototypeUITests;
			productReference = CB8BBF2C23D75EA0007F8909 /* ArtSpacePrototypeUITests.xctest */;
			productType = "com.apple.product-type.bundle.ui-testing";
		};
/* End PBXNativeTarget section */

/* Begin PBXProject section */
		CB8BBF0023D75E9F007F8909 /* Project object */ = {
			isa = PBXProject;
			attributes = {
				LastSwiftUpdateCheck = 1110;
				LastUpgradeCheck = 1110;
				ORGANIZATIONNAME = God;
				TargetAttributes = {
					CB8BBF0723D75E9F007F8909 = {
						CreatedOnToolsVersion = 11.1;
					};
					CB8BBF2023D75E9F007F8909 = {
						CreatedOnToolsVersion = 11.1;
						TestTargetID = CB8BBF0723D75E9F007F8909;
					};
					CB8BBF2B23D75EA0007F8909 = {
						CreatedOnToolsVersion = 11.1;
						TestTargetID = CB8BBF0723D75E9F007F8909;
					};
				};
			};
			buildConfigurationList = CB8BBF0323D75E9F007F8909 /* Build configuration list for PBXProject "ArtSpacePrototype" */;
			compatibilityVersion = "Xcode 9.3";
			developmentRegion = en;
			hasScannedForEncodings = 0;
			knownRegions = (
				en,
				Base,
			);
			mainGroup = CB8BBEFF23D75E9F007F8909;
			productRefGroup = CB8BBF0923D75E9F007F8909 /* Products */;
			projectDirPath = "";
			projectRoot = "";
			targets = (
				CB8BBF0723D75E9F007F8909 /* ArtSpacePrototype */,
				CB8BBF2023D75E9F007F8909 /* ArtSpacePrototypeTests */,
				CB8BBF2B23D75EA0007F8909 /* ArtSpacePrototypeUITests */,
			);
		};
/* End PBXProject section */

/* Begin PBXResourcesBuildPhase section */
		CB8BBF0623D75E9F007F8909 /* Resources */ = {
			isa = PBXResourcesBuildPhase;
			buildActionMask = 2147483647;
			files = (
				CB8BBF1B23D75E9F007F8909 /* LaunchScreen.storyboard in Resources */,

				CB8BBF1823D75E9F007F8909 /* Assets.xcassets in Resources */,
				CB8BBF1323D75E9F007F8909 /* Main.storyboard in Resources */,
			);
			runOnlyForDeploymentPostprocessing = 0;
		};
		CB8BBF1F23D75E9F007F8909 /* Resources */ = {
			isa = PBXResourcesBuildPhase;
			buildActionMask = 2147483647;
			files = (
			);
			runOnlyForDeploymentPostprocessing = 0;
		};
		CB8BBF2A23D75EA0007F8909 /* Resources */ = {
			isa = PBXResourcesBuildPhase;
			buildActionMask = 2147483647;
			files = (
			);
			runOnlyForDeploymentPostprocessing = 0;
		};
/* End PBXResourcesBuildPhase section */

/* Begin PBXShellScriptBuildPhase section */
		2B16BDF51F2913C984C79572 /* [CP] Check Pods Manifest.lock */ = {
			isa = PBXShellScriptBuildPhase;
			buildActionMask = 2147483647;
			files = (
			);
			inputFileListPaths = (
			);
			inputPaths = (
				"${PODS_PODFILE_DIR_PATH}/Podfile.lock",
				"${PODS_ROOT}/Manifest.lock",
			);
			name = "[CP] Check Pods Manifest.lock";
			outputFileListPaths = (
			);
			outputPaths = (
				"$(DERIVED_FILE_DIR)/Pods-ArtSpacePrototype-ArtSpacePrototypeUITests-checkManifestLockResult.txt",
			);
			runOnlyForDeploymentPostprocessing = 0;
			shellPath = /bin/sh;
			shellScript = "diff \"${PODS_PODFILE_DIR_PATH}/Podfile.lock\" \"${PODS_ROOT}/Manifest.lock\" > /dev/null\nif [ $? != 0 ] ; then\n    # print error to STDERR\n    echo \"error: The sandbox is not in sync with the Podfile.lock. Run 'pod install' or update your CocoaPods installation.\" >&2\n    exit 1\nfi\n# This output is used by Xcode 'outputs' to avoid re-running this script phase.\necho \"SUCCESS\" > \"${SCRIPT_OUTPUT_FILE_0}\"\n";
			showEnvVarsInLog = 0;
		};
		3F34A56AEB7362FDBBD92AB7 /* [CP] Check Pods Manifest.lock */ = {
			isa = PBXShellScriptBuildPhase;
			buildActionMask = 2147483647;
			files = (
			);
			inputFileListPaths = (
			);
			inputPaths = (
				"${PODS_PODFILE_DIR_PATH}/Podfile.lock",
				"${PODS_ROOT}/Manifest.lock",
			);
			name = "[CP] Check Pods Manifest.lock";
			outputFileListPaths = (
			);
			outputPaths = (
				"$(DERIVED_FILE_DIR)/Pods-ArtSpacePrototypeTests-checkManifestLockResult.txt",
			);
			runOnlyForDeploymentPostprocessing = 0;
			shellPath = /bin/sh;
			shellScript = "diff \"${PODS_PODFILE_DIR_PATH}/Podfile.lock\" \"${PODS_ROOT}/Manifest.lock\" > /dev/null\nif [ $? != 0 ] ; then\n    # print error to STDERR\n    echo \"error: The sandbox is not in sync with the Podfile.lock. Run 'pod install' or update your CocoaPods installation.\" >&2\n    exit 1\nfi\n# This output is used by Xcode 'outputs' to avoid re-running this script phase.\necho \"SUCCESS\" > \"${SCRIPT_OUTPUT_FILE_0}\"\n";
			showEnvVarsInLog = 0;
		};
		D6F9BED9FF5C84CF1B8DB93A /* [CP] Embed Pods Frameworks */ = {
			isa = PBXShellScriptBuildPhase;
			buildActionMask = 2147483647;
			files = (
			);
			inputFileListPaths = (
				"${PODS_ROOT}/Target Support Files/Pods-ArtSpacePrototype-ArtSpacePrototypeUITests/Pods-ArtSpacePrototype-ArtSpacePrototypeUITests-frameworks-${CONFIGURATION}-input-files.xcfilelist",
			);
			name = "[CP] Embed Pods Frameworks";
			outputFileListPaths = (
				"${PODS_ROOT}/Target Support Files/Pods-ArtSpacePrototype-ArtSpacePrototypeUITests/Pods-ArtSpacePrototype-ArtSpacePrototypeUITests-frameworks-${CONFIGURATION}-output-files.xcfilelist",
			);
			runOnlyForDeploymentPostprocessing = 0;
			shellPath = /bin/sh;
			shellScript = "\"${PODS_ROOT}/Target Support Files/Pods-ArtSpacePrototype-ArtSpacePrototypeUITests/Pods-ArtSpacePrototype-ArtSpacePrototypeUITests-frameworks.sh\"\n";
			showEnvVarsInLog = 0;
		};
		DE912495525D1E73EAF09B89 /* [CP] Check Pods Manifest.lock */ = {
			isa = PBXShellScriptBuildPhase;
			buildActionMask = 2147483647;
			files = (
			);
			inputFileListPaths = (
			);
			inputPaths = (
				"${PODS_PODFILE_DIR_PATH}/Podfile.lock",
				"${PODS_ROOT}/Manifest.lock",
			);
			name = "[CP] Check Pods Manifest.lock";
			outputFileListPaths = (
			);
			outputPaths = (
				"$(DERIVED_FILE_DIR)/Pods-ArtSpacePrototype-checkManifestLockResult.txt",
			);
			runOnlyForDeploymentPostprocessing = 0;
			shellPath = /bin/sh;
			shellScript = "diff \"${PODS_PODFILE_DIR_PATH}/Podfile.lock\" \"${PODS_ROOT}/Manifest.lock\" > /dev/null\nif [ $? != 0 ] ; then\n    # print error to STDERR\n    echo \"error: The sandbox is not in sync with the Podfile.lock. Run 'pod install' or update your CocoaPods installation.\" >&2\n    exit 1\nfi\n# This output is used by Xcode 'outputs' to avoid re-running this script phase.\necho \"SUCCESS\" > \"${SCRIPT_OUTPUT_FILE_0}\"\n";
			showEnvVarsInLog = 0;
		};
		EA29A3D5815684C989D49F3E /* [CP] Embed Pods Frameworks */ = {
			isa = PBXShellScriptBuildPhase;
			buildActionMask = 2147483647;
			files = (
			);
			inputFileListPaths = (
				"${PODS_ROOT}/Target Support Files/Pods-ArtSpacePrototype/Pods-ArtSpacePrototype-frameworks-${CONFIGURATION}-input-files.xcfilelist",
			);
			name = "[CP] Embed Pods Frameworks";
			outputFileListPaths = (
				"${PODS_ROOT}/Target Support Files/Pods-ArtSpacePrototype/Pods-ArtSpacePrototype-frameworks-${CONFIGURATION}-output-files.xcfilelist",
			);
			runOnlyForDeploymentPostprocessing = 0;
			shellPath = /bin/sh;
			shellScript = "\"${PODS_ROOT}/Target Support Files/Pods-ArtSpacePrototype/Pods-ArtSpacePrototype-frameworks.sh\"\n";
			showEnvVarsInLog = 0;
		};
/* End PBXShellScriptBuildPhase section */

/* Begin PBXSourcesBuildPhase section */
		CB8BBF0423D75E9F007F8909 /* Sources */ = {
			isa = PBXSourcesBuildPhase;
			buildActionMask = 2147483647;
			files = (
				CB8BBF4523D763ED007F8909 /* FirebaseAuth.swift in Sources */,
				CB8BBF1023D75E9F007F8909 /* ViewController.swift in Sources */,
				CBDE63E023DF7CEC00AEC803 /* ArtCell.swift in Sources */,
				CB8BBF4223D763C4007F8909 /* AppUser.swift in Sources */,
				CB8BBF0C23D75E9F007F8909 /* AppDelegate.swift in Sources */,
				CB8BBF4923D7642D007F8909 /* HomePageVC.swift in Sources */,
				6B887FA823DF59650043FAAC /* DetailVC.swift in Sources */,
				CB8BBF4C23D7644B007F8909 /* StringEx.swift in Sources */,
				CB8BBF0E23D75E9F007F8909 /* SceneDelegate.swift in Sources */,
				CB8BBF1623D75E9F007F8909 /* ArtSpacePrototype.xcdatamodeld in Sources */,
			);
			runOnlyForDeploymentPostprocessing = 0;
		};
		CB8BBF1D23D75E9F007F8909 /* Sources */ = {
			isa = PBXSourcesBuildPhase;
			buildActionMask = 2147483647;
			files = (
				CB8BBF2623D75EA0007F8909 /* ArtSpacePrototypeTests.swift in Sources */,
			);
			runOnlyForDeploymentPostprocessing = 0;
		};
		CB8BBF2823D75EA0007F8909 /* Sources */ = {
			isa = PBXSourcesBuildPhase;
			buildActionMask = 2147483647;
			files = (
				CB8BBF3123D75EA0007F8909 /* ArtSpacePrototypeUITests.swift in Sources */,
			);
			runOnlyForDeploymentPostprocessing = 0;
		};
/* End PBXSourcesBuildPhase section */

/* Begin PBXTargetDependency section */
		CB8BBF2323D75E9F007F8909 /* PBXTargetDependency */ = {
			isa = PBXTargetDependency;
			target = CB8BBF0723D75E9F007F8909 /* ArtSpacePrototype */;
			targetProxy = CB8BBF2223D75E9F007F8909 /* PBXContainerItemProxy */;
		};
		CB8BBF2E23D75EA0007F8909 /* PBXTargetDependency */ = {
			isa = PBXTargetDependency;
			target = CB8BBF0723D75E9F007F8909 /* ArtSpacePrototype */;
			targetProxy = CB8BBF2D23D75EA0007F8909 /* PBXContainerItemProxy */;
		};
/* End PBXTargetDependency section */

/* Begin PBXVariantGroup section */
		CB8BBF1123D75E9F007F8909 /* Main.storyboard */ = {
			isa = PBXVariantGroup;
			children = (
				CB8BBF1223D75E9F007F8909 /* Base */,
			);
			name = Main.storyboard;
			sourceTree = "<group>";
		};
		CB8BBF1923D75E9F007F8909 /* LaunchScreen.storyboard */ = {
			isa = PBXVariantGroup;
			children = (
				CB8BBF1A23D75E9F007F8909 /* Base */,
			);
			name = LaunchScreen.storyboard;
			sourceTree = "<group>";
		};
/* End PBXVariantGroup section */

/* Begin XCBuildConfiguration section */
		CB8BBF3323D75EA0007F8909 /* Debug */ = {
			isa = XCBuildConfiguration;
			buildSettings = {
				ALWAYS_SEARCH_USER_PATHS = NO;
				CLANG_ANALYZER_NONNULL = YES;
				CLANG_ANALYZER_NUMBER_OBJECT_CONVERSION = YES_AGGRESSIVE;
				CLANG_CXX_LANGUAGE_STANDARD = "gnu++14";
				CLANG_CXX_LIBRARY = "libc++";
				CLANG_ENABLE_MODULES = YES;
				CLANG_ENABLE_OBJC_ARC = YES;
				CLANG_ENABLE_OBJC_WEAK = YES;
				CLANG_WARN_BLOCK_CAPTURE_AUTORELEASING = YES;
				CLANG_WARN_BOOL_CONVERSION = YES;
				CLANG_WARN_COMMA = YES;
				CLANG_WARN_CONSTANT_CONVERSION = YES;
				CLANG_WARN_DEPRECATED_OBJC_IMPLEMENTATIONS = YES;
				CLANG_WARN_DIRECT_OBJC_ISA_USAGE = YES_ERROR;
				CLANG_WARN_DOCUMENTATION_COMMENTS = YES;
				CLANG_WARN_EMPTY_BODY = YES;
				CLANG_WARN_ENUM_CONVERSION = YES;
				CLANG_WARN_INFINITE_RECURSION = YES;
				CLANG_WARN_INT_CONVERSION = YES;
				CLANG_WARN_NON_LITERAL_NULL_CONVERSION = YES;
				CLANG_WARN_OBJC_IMPLICIT_RETAIN_SELF = YES;
				CLANG_WARN_OBJC_LITERAL_CONVERSION = YES;
				CLANG_WARN_OBJC_ROOT_CLASS = YES_ERROR;
				CLANG_WARN_RANGE_LOOP_ANALYSIS = YES;
				CLANG_WARN_STRICT_PROTOTYPES = YES;
				CLANG_WARN_SUSPICIOUS_MOVE = YES;
				CLANG_WARN_UNGUARDED_AVAILABILITY = YES_AGGRESSIVE;
				CLANG_WARN_UNREACHABLE_CODE = YES;
				CLANG_WARN__DUPLICATE_METHOD_MATCH = YES;
				COPY_PHASE_STRIP = NO;
				DEBUG_INFORMATION_FORMAT = dwarf;
				ENABLE_STRICT_OBJC_MSGSEND = YES;
				ENABLE_TESTABILITY = YES;
				GCC_C_LANGUAGE_STANDARD = gnu11;
				GCC_DYNAMIC_NO_PIC = NO;
				GCC_NO_COMMON_BLOCKS = YES;
				GCC_OPTIMIZATION_LEVEL = 0;
				GCC_PREPROCESSOR_DEFINITIONS = (
					"DEBUG=1",
					"$(inherited)",
				);
				GCC_WARN_64_TO_32_BIT_CONVERSION = YES;
				GCC_WARN_ABOUT_RETURN_TYPE = YES_ERROR;
				GCC_WARN_UNDECLARED_SELECTOR = YES;
				GCC_WARN_UNINITIALIZED_AUTOS = YES_AGGRESSIVE;
				GCC_WARN_UNUSED_FUNCTION = YES;
				GCC_WARN_UNUSED_VARIABLE = YES;
				IPHONEOS_DEPLOYMENT_TARGET = 13.1;
				MTL_ENABLE_DEBUG_INFO = INCLUDE_SOURCE;
				MTL_FAST_MATH = YES;
				ONLY_ACTIVE_ARCH = YES;
				SDKROOT = iphoneos;
				SWIFT_ACTIVE_COMPILATION_CONDITIONS = DEBUG;
				SWIFT_OPTIMIZATION_LEVEL = "-Onone";
			};
			name = Debug;
		};
		CB8BBF3423D75EA0007F8909 /* Release */ = {
			isa = XCBuildConfiguration;
			buildSettings = {
				ALWAYS_SEARCH_USER_PATHS = NO;
				CLANG_ANALYZER_NONNULL = YES;
				CLANG_ANALYZER_NUMBER_OBJECT_CONVERSION = YES_AGGRESSIVE;
				CLANG_CXX_LANGUAGE_STANDARD = "gnu++14";
				CLANG_CXX_LIBRARY = "libc++";
				CLANG_ENABLE_MODULES = YES;
				CLANG_ENABLE_OBJC_ARC = YES;
				CLANG_ENABLE_OBJC_WEAK = YES;
				CLANG_WARN_BLOCK_CAPTURE_AUTORELEASING = YES;
				CLANG_WARN_BOOL_CONVERSION = YES;
				CLANG_WARN_COMMA = YES;
				CLANG_WARN_CONSTANT_CONVERSION = YES;
				CLANG_WARN_DEPRECATED_OBJC_IMPLEMENTATIONS = YES;
				CLANG_WARN_DIRECT_OBJC_ISA_USAGE = YES_ERROR;
				CLANG_WARN_DOCUMENTATION_COMMENTS = YES;
				CLANG_WARN_EMPTY_BODY = YES;
				CLANG_WARN_ENUM_CONVERSION = YES;
				CLANG_WARN_INFINITE_RECURSION = YES;
				CLANG_WARN_INT_CONVERSION = YES;
				CLANG_WARN_NON_LITERAL_NULL_CONVERSION = YES;
				CLANG_WARN_OBJC_IMPLICIT_RETAIN_SELF = YES;
				CLANG_WARN_OBJC_LITERAL_CONVERSION = YES;
				CLANG_WARN_OBJC_ROOT_CLASS = YES_ERROR;
				CLANG_WARN_RANGE_LOOP_ANALYSIS = YES;
				CLANG_WARN_STRICT_PROTOTYPES = YES;
				CLANG_WARN_SUSPICIOUS_MOVE = YES;
				CLANG_WARN_UNGUARDED_AVAILABILITY = YES_AGGRESSIVE;
				CLANG_WARN_UNREACHABLE_CODE = YES;
				CLANG_WARN__DUPLICATE_METHOD_MATCH = YES;
				COPY_PHASE_STRIP = NO;
				DEBUG_INFORMATION_FORMAT = "dwarf-with-dsym";
				ENABLE_NS_ASSERTIONS = NO;
				ENABLE_STRICT_OBJC_MSGSEND = YES;
				GCC_C_LANGUAGE_STANDARD = gnu11;
				GCC_NO_COMMON_BLOCKS = YES;
				GCC_WARN_64_TO_32_BIT_CONVERSION = YES;
				GCC_WARN_ABOUT_RETURN_TYPE = YES_ERROR;
				GCC_WARN_UNDECLARED_SELECTOR = YES;
				GCC_WARN_UNINITIALIZED_AUTOS = YES_AGGRESSIVE;
				GCC_WARN_UNUSED_FUNCTION = YES;
				GCC_WARN_UNUSED_VARIABLE = YES;
				IPHONEOS_DEPLOYMENT_TARGET = 13.1;
				MTL_ENABLE_DEBUG_INFO = NO;
				MTL_FAST_MATH = YES;
				SDKROOT = iphoneos;
				SWIFT_COMPILATION_MODE = wholemodule;
				SWIFT_OPTIMIZATION_LEVEL = "-O";
				VALIDATE_PRODUCT = YES;
			};
			name = Release;
		};
		CB8BBF3623D75EA0007F8909 /* Debug */ = {
			isa = XCBuildConfiguration;
			baseConfigurationReference = 39D06799A7F6C78ED1652D0B /* Pods-ArtSpacePrototype.debug.xcconfig */;
			buildSettings = {
				ASSETCATALOG_COMPILER_APPICON_NAME = AppIcon;
				CODE_SIGN_STYLE = Automatic;
				INFOPLIST_FILE = ArtSpacePrototype/Info.plist;
				IPHONEOS_DEPLOYMENT_TARGET = 13.0;
				LD_RUNPATH_SEARCH_PATHS = (
					"$(inherited)",
					"@executable_path/Frameworks",
				);
				PRODUCT_BUNDLE_IDENTIFIER = "The-Best-Programmer-Ever.ArtSpacePrototype";
				PRODUCT_NAME = "$(TARGET_NAME)";
				SWIFT_VERSION = 5.0;
				TARGETED_DEVICE_FAMILY = "1,2";
			};
			name = Debug;
		};
		CB8BBF3723D75EA0007F8909 /* Release */ = {
			isa = XCBuildConfiguration;
			baseConfigurationReference = 7C2F1226D4546DCEA852A4BE /* Pods-ArtSpacePrototype.release.xcconfig */;
			buildSettings = {
				ASSETCATALOG_COMPILER_APPICON_NAME = AppIcon;
				CODE_SIGN_STYLE = Automatic;
				INFOPLIST_FILE = ArtSpacePrototype/Info.plist;
				IPHONEOS_DEPLOYMENT_TARGET = 13.0;
				LD_RUNPATH_SEARCH_PATHS = (
					"$(inherited)",
					"@executable_path/Frameworks",
				);
				PRODUCT_BUNDLE_IDENTIFIER = "The-Best-Programmer-Ever.ArtSpacePrototype";
				PRODUCT_NAME = "$(TARGET_NAME)";
				SWIFT_VERSION = 5.0;
				TARGETED_DEVICE_FAMILY = "1,2";
			};
			name = Release;
		};
		CB8BBF3923D75EA0007F8909 /* Debug */ = {
			isa = XCBuildConfiguration;
			baseConfigurationReference = EF149131C6678091CF1F9869 /* Pods-ArtSpacePrototypeTests.debug.xcconfig */;
			buildSettings = {
				ALWAYS_EMBED_SWIFT_STANDARD_LIBRARIES = YES;
				BUNDLE_LOADER = "$(TEST_HOST)";
				CODE_SIGN_STYLE = Automatic;
				INFOPLIST_FILE = ArtSpacePrototypeTests/Info.plist;
				IPHONEOS_DEPLOYMENT_TARGET = 13.1;
				LD_RUNPATH_SEARCH_PATHS = (
					"$(inherited)",
					"@executable_path/Frameworks",
					"@loader_path/Frameworks",
				);
				PRODUCT_BUNDLE_IDENTIFIER = "The-Best-Programmer-Ever.ArtSpacePrototypeTests";
				PRODUCT_NAME = "$(TARGET_NAME)";
				SWIFT_VERSION = 5.0;
				TARGETED_DEVICE_FAMILY = "1,2";
				TEST_HOST = "$(BUILT_PRODUCTS_DIR)/ArtSpacePrototype.app/ArtSpacePrototype";
			};
			name = Debug;
		};
		CB8BBF3A23D75EA0007F8909 /* Release */ = {
			isa = XCBuildConfiguration;
			baseConfigurationReference = 626C919991105E06A4B12EA0 /* Pods-ArtSpacePrototypeTests.release.xcconfig */;
			buildSettings = {
				ALWAYS_EMBED_SWIFT_STANDARD_LIBRARIES = YES;
				BUNDLE_LOADER = "$(TEST_HOST)";
				CODE_SIGN_STYLE = Automatic;
				INFOPLIST_FILE = ArtSpacePrototypeTests/Info.plist;
				IPHONEOS_DEPLOYMENT_TARGET = 13.1;
				LD_RUNPATH_SEARCH_PATHS = (
					"$(inherited)",
					"@executable_path/Frameworks",
					"@loader_path/Frameworks",
				);
				PRODUCT_BUNDLE_IDENTIFIER = "The-Best-Programmer-Ever.ArtSpacePrototypeTests";
				PRODUCT_NAME = "$(TARGET_NAME)";
				SWIFT_VERSION = 5.0;
				TARGETED_DEVICE_FAMILY = "1,2";
				TEST_HOST = "$(BUILT_PRODUCTS_DIR)/ArtSpacePrototype.app/ArtSpacePrototype";
			};
			name = Release;
		};
		CB8BBF3C23D75EA0007F8909 /* Debug */ = {
			isa = XCBuildConfiguration;
			baseConfigurationReference = 82EE4DBC14C220ED1E62AA46 /* Pods-ArtSpacePrototype-ArtSpacePrototypeUITests.debug.xcconfig */;
			buildSettings = {
				ALWAYS_EMBED_SWIFT_STANDARD_LIBRARIES = YES;
				CODE_SIGN_STYLE = Automatic;
				INFOPLIST_FILE = ArtSpacePrototypeUITests/Info.plist;
				LD_RUNPATH_SEARCH_PATHS = (
					"$(inherited)",
					"@executable_path/Frameworks",
					"@loader_path/Frameworks",
				);
				PRODUCT_BUNDLE_IDENTIFIER = "The-Best-Programmer-Ever.ArtSpacePrototypeUITests";
				PRODUCT_NAME = "$(TARGET_NAME)";
				SWIFT_VERSION = 5.0;
				TARGETED_DEVICE_FAMILY = "1,2";
				TEST_TARGET_NAME = ArtSpacePrototype;
			};
			name = Debug;
		};
		CB8BBF3D23D75EA0007F8909 /* Release */ = {
			isa = XCBuildConfiguration;
			baseConfigurationReference = 580A6DFBFCC953441B8F7E1C /* Pods-ArtSpacePrototype-ArtSpacePrototypeUITests.release.xcconfig */;
			buildSettings = {
				ALWAYS_EMBED_SWIFT_STANDARD_LIBRARIES = YES;
				CODE_SIGN_STYLE = Automatic;
				INFOPLIST_FILE = ArtSpacePrototypeUITests/Info.plist;
				LD_RUNPATH_SEARCH_PATHS = (
					"$(inherited)",
					"@executable_path/Frameworks",
					"@loader_path/Frameworks",
				);
				PRODUCT_BUNDLE_IDENTIFIER = "The-Best-Programmer-Ever.ArtSpacePrototypeUITests";
				PRODUCT_NAME = "$(TARGET_NAME)";
				SWIFT_VERSION = 5.0;
				TARGETED_DEVICE_FAMILY = "1,2";
				TEST_TARGET_NAME = ArtSpacePrototype;
			};
			name = Release;
		};
/* End XCBuildConfiguration section */

/* Begin XCConfigurationList section */
		CB8BBF0323D75E9F007F8909 /* Build configuration list for PBXProject "ArtSpacePrototype" */ = {
			isa = XCConfigurationList;
			buildConfigurations = (
				CB8BBF3323D75EA0007F8909 /* Debug */,
				CB8BBF3423D75EA0007F8909 /* Release */,
			);
			defaultConfigurationIsVisible = 0;
			defaultConfigurationName = Release;
		};
		CB8BBF3523D75EA0007F8909 /* Build configuration list for PBXNativeTarget "ArtSpacePrototype" */ = {
			isa = XCConfigurationList;
			buildConfigurations = (
				CB8BBF3623D75EA0007F8909 /* Debug */,
				CB8BBF3723D75EA0007F8909 /* Release */,
			);
			defaultConfigurationIsVisible = 0;
			defaultConfigurationName = Release;
		};
		CB8BBF3823D75EA0007F8909 /* Build configuration list for PBXNativeTarget "ArtSpacePrototypeTests" */ = {
			isa = XCConfigurationList;
			buildConfigurations = (
				CB8BBF3923D75EA0007F8909 /* Debug */,
				CB8BBF3A23D75EA0007F8909 /* Release */,
			);
			defaultConfigurationIsVisible = 0;
			defaultConfigurationName = Release;
		};
		CB8BBF3B23D75EA0007F8909 /* Build configuration list for PBXNativeTarget "ArtSpacePrototypeUITests" */ = {
			isa = XCConfigurationList;
			buildConfigurations = (
				CB8BBF3C23D75EA0007F8909 /* Debug */,
				CB8BBF3D23D75EA0007F8909 /* Release */,
			);
			defaultConfigurationIsVisible = 0;
			defaultConfigurationName = Release;
		};
/* End XCConfigurationList section */

/* Begin XCVersionGroup section */
		CB8BBF1423D75E9F007F8909 /* ArtSpacePrototype.xcdatamodeld */ = {
			isa = XCVersionGroup;
			children = (
				CB8BBF1523D75E9F007F8909 /* ArtSpacePrototype.xcdatamodel */,
			);
			currentVersion = CB8BBF1523D75E9F007F8909 /* ArtSpacePrototype.xcdatamodel */;
			path = ArtSpacePrototype.xcdatamodeld;
			sourceTree = "<group>";
			versionGroupType = wrapper.xcdatamodel;
		};
/* End XCVersionGroup section */
	};
	rootObject = CB8BBF0023D75E9F007F8909 /* Project object */;
}
